
Microsoft Visual Studio Solution File, Format Version 12.00
# Visual Studio Version 16
VisualStudioVersion = 16.0.31105.61
MinimumVisualStudioVersion = 10.0.40219.1
Project("{FAE04EC0-301F-11D3-BF4B-00C04F79EFBC}") = "EjExpendedora.Consola", "EjExpendedora.Consola\EjExpendedora.Consola.csproj", "{B9A8CC09-1A82-4314-957D-689AB8F20709}"
EndProject
Project("{FAE04EC0-301F-11D3-BF4B-00C04F79EFBC}") = "EjExpendedora.Libreria", "EjExpendedora.Libreria\EjExpendedora.Libreria.csproj", "{6ACB3FB7-ADD7-46C2-BA42-26A2C6114E4A}"
EndProject
Global
	GlobalSection(SolutionConfigurationPlatforms) = preSolution
		Debug|Any CPU = Debug|Any CPU
		Release|Any CPU = Release|Any CPU
	EndGlobalSection
	GlobalSection(ProjectConfigurationPlatforms) = postSolution
		{B9A8CC09-1A82-4314-957D-689AB8F20709}.Debug|Any CPU.ActiveCfg = Debug|Any CPU
		{B9A8CC09-1A82-4314-957D-689AB8F20709}.Debug|Any CPU.Build.0 = Debug|Any CPU
		{B9A8CC09-1A82-4314-957D-689AB8F20709}.Release|Any CPU.ActiveCfg = Release|Any CPU
		{B9A8CC09-1A82-4314-957D-689AB8F20709}.Release|Any CPU.Build.0 = Release|Any CPU
		{6ACB3FB7-ADD7-46C2-BA42-26A2C6114E4A}.Debug|Any CPU.ActiveCfg = Debug|Any CPU
		{6ACB3FB7-ADD7-46C2-BA42-26A2C6114E4A}.Debug|Any CPU.Build.0 = Debug|Any CPU
		{6ACB3FB7-ADD7-46C2-BA42-26A2C6114E4A}.Release|Any CPU.ActiveCfg = Release|Any CPU
		{6ACB3FB7-ADD7-46C2-BA42-26A2C6114E4A}.Release|Any CPU.Build.0 = Release|Any CPU
	EndGlobalSection
	GlobalSection(SolutionProperties) = preSolution
		HideSolutionNode = FALSE
	EndGlobalSection
	GlobalSection(ExtensibilityGlobals) = postSolution
		SolutionGuid = {B3C7CE5C-A914-4F39-A2A9-F3B17DA06637}
	EndGlobalSection
EndGlobal
